
Microsoft Visual Studio Solution File, Format Version 12.00
# Visual Studio 15
VisualStudioVersion = 15.0.27703.2035
MinimumVisualStudioVersion = 10.0.40219.1
Project("{FAE04EC0-301F-11D3-BF4B-00C04F79EFBC}") = "ASP.NET_MVC5_-Ch12-身份驗證與授權", "ASP.NET_MVC5_-Ch12-身份驗證與授權\ASP.NET_MVC5_-Ch12-身份驗證與授權.csproj", "{057A9D62-4407-4BCD-A481-7E0DC177732E}"
EndProject
Global
	GlobalSection(SolutionConfigurationPlatforms) = preSolution
		Debug|Any CPU = Debug|Any CPU
		Release|Any CPU = Release|Any CPU
	EndGlobalSection
	GlobalSection(ProjectConfigurationPlatforms) = postSolution
		{057A9D62-4407-4BCD-A481-7E0DC177732E}.Debug|Any CPU.ActiveCfg = Debug|Any CPU
		{057A9D62-4407-4BCD-A481-7E0DC177732E}.Debug|Any CPU.Build.0 = Debug|Any CPU
		{057A9D62-4407-4BCD-A481-7E0DC177732E}.Release|Any CPU.ActiveCfg = Release|Any CPU
		{057A9D62-4407-4BCD-A481-7E0DC177732E}.Release|Any CPU.Build.0 = Release|Any CPU
	EndGlobalSection
	GlobalSection(SolutionProperties) = preSolution
		HideSolutionNode = FALSE
	EndGlobalSection
	GlobalSection(ExtensibilityGlobals) = postSolution
		SolutionGuid = {0AC5B851-77DA-484B-90C3-562B84A087E5}
	EndGlobalSection
EndGlobal
